
Microsoft Visual Studio Solution File, Format Version 12.00
# Visual Studio Version 17
VisualStudioVersion = 17.11.35222.181
MinimumVisualStudioVersion = 10.0.40219.1
Project("{2150E333-8FDC-42A3-9474-1A3956D46DE8}") = "Solution Items", "Solution Items", "{4AF17E0D-4CCB-42A0-A530-7A107059E67D}"
	ProjectSection(SolutionItems) = preProject
		Entities\Entities.csproj = Entities\Entities.csproj
	EndProjectSection
EndProject
Project("{FAE04EC0-301F-11D3-BF4B-00C04F79EFBC}") = "Entities", "Entities\Entities.csproj", "{D7267FD0-CF3A-4597-85F2-22741F7CED5E}"
EndProject
Project("{FAE04EC0-301F-11D3-BF4B-00C04F79EFBC}") = "UseCases", "UseCases\UseCases.csproj", "{4FACFA86-B657-4266-ADAD-38BB4C2D5114}"
EndProject
Project("{FAE04EC0-301F-11D3-BF4B-00C04F79EFBC}") = "Infrastructure.SqlServer", "Infrastructure.SqlServer\Infrastructure.SqlServer.csproj", "{8011410F-006E-4B60-A78A-29698E2DBB3D}"
EndProject
Project("{FAE04EC0-301F-11D3-BF4B-00C04F79EFBC}") = "Infrastructure", "Infrastructure\Infrastructure.csproj", "{6B3D75E5-80AE-4C2E-80D5-297D76942ACA}"
EndProject
Global
	GlobalSection(SolutionConfigurationPlatforms) = preSolution
		Debug|Any CPU = Debug|Any CPU
		Release|Any CPU = Release|Any CPU
	EndGlobalSection
	GlobalSection(ProjectConfigurationPlatforms) = postSolution
		{D7267FD0-CF3A-4597-85F2-22741F7CED5E}.Debug|Any CPU.ActiveCfg = Debug|Any CPU
		{D7267FD0-CF3A-4597-85F2-22741F7CED5E}.Debug|Any CPU.Build.0 = Debug|Any CPU
		{D7267FD0-CF3A-4597-85F2-22741F7CED5E}.Release|Any CPU.ActiveCfg = Release|Any CPU
		{D7267FD0-CF3A-4597-85F2-22741F7CED5E}.Release|Any CPU.Build.0 = Release|Any CPU
		{4FACFA86-B657-4266-ADAD-38BB4C2D5114}.Debug|Any CPU.ActiveCfg = Debug|Any CPU
		{4FACFA86-B657-4266-ADAD-38BB4C2D5114}.Debug|Any CPU.Build.0 = Debug|Any CPU
		{4FACFA86-B657-4266-ADAD-38BB4C2D5114}.Release|Any CPU.ActiveCfg = Release|Any CPU
		{4FACFA86-B657-4266-ADAD-38BB4C2D5114}.Release|Any CPU.Build.0 = Release|Any CPU
		{8011410F-006E-4B60-A78A-29698E2DBB3D}.Debug|Any CPU.ActiveCfg = Debug|Any CPU
		{8011410F-006E-4B60-A78A-29698E2DBB3D}.Debug|Any CPU.Build.0 = Debug|Any CPU
		{8011410F-006E-4B60-A78A-29698E2DBB3D}.Release|Any CPU.ActiveCfg = Release|Any CPU
		{8011410F-006E-4B60-A78A-29698E2DBB3D}.Release|Any CPU.Build.0 = Release|Any CPU
		{6B3D75E5-80AE-4C2E-80D5-297D76942ACA}.Debug|Any CPU.ActiveCfg = Debug|Any CPU
		{6B3D75E5-80AE-4C2E-80D5-297D76942ACA}.Debug|Any CPU.Build.0 = Debug|Any CPU
		{6B3D75E5-80AE-4C2E-80D5-297D76942ACA}.Release|Any CPU.ActiveCfg = Release|Any CPU
		{6B3D75E5-80AE-4C2E-80D5-297D76942ACA}.Release|Any CPU.Build.0 = Release|Any CPU
	EndGlobalSection
	GlobalSection(SolutionProperties) = preSolution
		HideSolutionNode = FALSE
	EndGlobalSection
	GlobalSection(ExtensibilityGlobals) = postSolution
		SolutionGuid = {F1FE4775-82C0-4C8E-862E-777A556C8D61}
	EndGlobalSection
EndGlobal
