
Microsoft Visual Studio Solution File, Format Version 12.00
# Visual Studio Version 17
VisualStudioVersion = 17.11.35222.181
MinimumVisualStudioVersion = 10.0.40219.1
Project("{FAE04EC0-301F-11D3-BF4B-00C04F79EFBC}") = "UseCases", "UseCases\UseCases.csproj", "{78500A6D-EA5A-457B-AA95-F39A4B44F1DC}"
EndProject
Project("{FAE04EC0-301F-11D3-BF4B-00C04F79EFBC}") = "Entities", "Entities\Entities.csproj", "{8EC3BED0-D5D0-423D-9432-2F70D6AE38A9}"
EndProject
Global
	GlobalSection(SolutionConfigurationPlatforms) = preSolution
		Debug|Any CPU = Debug|Any CPU
		Release|Any CPU = Release|Any CPU
	EndGlobalSection
	GlobalSection(ProjectConfigurationPlatforms) = postSolution
		{78500A6D-EA5A-457B-AA95-F39A4B44F1DC}.Debug|Any CPU.ActiveCfg = Debug|Any CPU
		{78500A6D-EA5A-457B-AA95-F39A4B44F1DC}.Debug|Any CPU.Build.0 = Debug|Any CPU
		{78500A6D-EA5A-457B-AA95-F39A4B44F1DC}.Release|Any CPU.ActiveCfg = Release|Any CPU
		{78500A6D-EA5A-457B-AA95-F39A4B44F1DC}.Release|Any CPU.Build.0 = Release|Any CPU
		{8EC3BED0-D5D0-423D-9432-2F70D6AE38A9}.Debug|Any CPU.ActiveCfg = Debug|Any CPU
		{8EC3BED0-D5D0-423D-9432-2F70D6AE38A9}.Debug|Any CPU.Build.0 = Debug|Any CPU
		{8EC3BED0-D5D0-423D-9432-2F70D6AE38A9}.Release|Any CPU.ActiveCfg = Release|Any CPU
		{8EC3BED0-D5D0-423D-9432-2F70D6AE38A9}.Release|Any CPU.Build.0 = Release|Any CPU
	EndGlobalSection
	GlobalSection(SolutionProperties) = preSolution
		HideSolutionNode = FALSE
	EndGlobalSection
	GlobalSection(ExtensibilityGlobals) = postSolution
		SolutionGuid = {F1FE4775-82C0-4C8E-862E-777A556C8D61}
	EndGlobalSection
EndGlobal
